
Microsoft Visual Studio Solution File, Format Version 12.00
# Visual Studio Version 17
VisualStudioVersion = 17.0.31903.59
MinimumVisualStudioVersion = 10.0.40219.1
Project("{2150E333-8FDC-42A3-9474-1A3956D46DE8}") = "src", "src", "{3140D6C2-F218-44E7-B922-305B679B7922}"
EndProject
Project("{FAE04EC0-301F-11D3-BF4B-00C04F79EFBC}") = "TesteCI.Lib", "src\TesteCI.Lib\TesteCI.Lib.csproj", "{021DCE4E-8305-48BB-93C4-DF5CE2E4B28C}"
EndProject
Project("{FAE04EC0-301F-11D3-BF4B-00C04F79EFBC}") = "TesteCI.Teste", "src\TesteCI.Teste\TesteCI.Teste.csproj", "{994C32FF-AF01-49B8-9DCB-DC447AD614E9}"
EndProject
Global
	GlobalSection(SolutionConfigurationPlatforms) = preSolution
		Debug|Any CPU = Debug|Any CPU
		Release|Any CPU = Release|Any CPU
	EndGlobalSection
	GlobalSection(SolutionProperties) = preSolution
		HideSolutionNode = FALSE
	EndGlobalSection
	GlobalSection(ProjectConfigurationPlatforms) = postSolution
		{021DCE4E-8305-48BB-93C4-DF5CE2E4B28C}.Debug|Any CPU.ActiveCfg = Debug|Any CPU
		{021DCE4E-8305-48BB-93C4-DF5CE2E4B28C}.Debug|Any CPU.Build.0 = Debug|Any CPU
		{021DCE4E-8305-48BB-93C4-DF5CE2E4B28C}.Release|Any CPU.ActiveCfg = Release|Any CPU
		{021DCE4E-8305-48BB-93C4-DF5CE2E4B28C}.Release|Any CPU.Build.0 = Release|Any CPU
		{994C32FF-AF01-49B8-9DCB-DC447AD614E9}.Debug|Any CPU.ActiveCfg = Debug|Any CPU
		{994C32FF-AF01-49B8-9DCB-DC447AD614E9}.Debug|Any CPU.Build.0 = Debug|Any CPU
		{994C32FF-AF01-49B8-9DCB-DC447AD614E9}.Release|Any CPU.ActiveCfg = Release|Any CPU
		{994C32FF-AF01-49B8-9DCB-DC447AD614E9}.Release|Any CPU.Build.0 = Release|Any CPU
	EndGlobalSection
	GlobalSection(NestedProjects) = preSolution
		{021DCE4E-8305-48BB-93C4-DF5CE2E4B28C} = {3140D6C2-F218-44E7-B922-305B679B7922}
		{994C32FF-AF01-49B8-9DCB-DC447AD614E9} = {3140D6C2-F218-44E7-B922-305B679B7922}
	EndGlobalSection
EndGlobal
